// !$*UTF8*$!
{
	archiveVersion = 1;
	classes = {
	};
	objectVersion = 46;
	objects = {

/* Begin PBXBuildFile section */
		30B322131607B0CC00BB5787 /* UIKit.framework in Frameworks */ = {isa = PBXBuildFile; fileRef = 30B322121607B0CC00BB5787 /* UIKit.framework */; };
		30B322151607B0CC00BB5787 /* Foundation.framework in Frameworks */ = {isa = PBXBuildFile; fileRef = 30B322141607B0CC00BB5787 /* Foundation.framework */; };
		30B322171607B0CC00BB5787 /* CoreGraphics.framework in Frameworks */ = {isa = PBXBuildFile; fileRef = 30B322161607B0CC00BB5787 /* CoreGraphics.framework */; };
		30B3221D1607B0CC00BB5787 /* InfoPlist.strings in Resources */ = {isa = PBXBuildFile; fileRef = 30B3221B1607B0CC00BB5787 /* InfoPlist.strings */; };
		30B3221F1607B0CC00BB5787 /* main.m in Sources */ = {isa = PBXBuildFile; fileRef = 30B3221E1607B0CC00BB5787 /* main.m */; };
		30B322231607B0CC00BB5787 /* BIDAppDelegate.m in Sources */ = {isa = PBXBuildFile; fileRef = 30B322221607B0CC00BB5787 /* BIDAppDelegate.m */; };
		30B322261607B0CC00BB5787 /* BIDViewController.m in Sources */ = {isa = PBXBuildFile; fileRef = 30B322251607B0CC00BB5787 /* BIDViewController.m */; };
		30B322291607B0CC00BB5787 /* BIDViewController.xib in Resources */ = {isa = PBXBuildFile; fileRef = 30B322271607B0CC00BB5787 /* BIDViewController.xib */; };
/* End PBXBuildFile section */

/* Begin PBXFileReference section */
		30B3220E1607B0CC00BB5787 /* ButtonFun.app */ = {isa = PBXFileReference; explicitFileType = wrapper.application; includeInIndex = 0; path = ButtonFun.app; sourceTree = BUILT_PRODUCTS_DIR; };
		30B322121607B0CC00BB5787 /* UIKit.framework */ = {isa = PBXFileReference; lastKnownFileType = wrapper.framework; name = UIKit.framework; path = System/Library/Frameworks/UIKit.framework; sourceTree = SDKROOT; };
		30B322141607B0CC00BB5787 /* Foundation.framework */ = {isa = PBXFileReference; lastKnownFileType = wrapper.framework; name = Foundation.framework; path = System/Library/Frameworks/Foundation.framework; sourceTree = SDKROOT; };
		30B322161607B0CC00BB5787 /* CoreGraphics.framework */ = {isa = PBXFileReference; lastKnownFileType = wrapper.framework; name = CoreGraphics.framework; path = System/Library/Frameworks/CoreGraphics.framework; sourceTree = SDKROOT; };
		30B3221A1607B0CC00BB5787 /* ButtonFun-Info.plist */ = {isa = PBXFileReference; lastKnownFileType = text.plist.xml; path = "ButtonFun-Info.plist"; sourceTree = "<group>"; };
		30B3221C1607B0CC00BB5787 /* en */ = {isa = PBXFileReference; lastKnownFileType = text.plist.strings; name = en; path = en.lproj/InfoPlist.strings; sourceTree = "<group>"; };
		30B3221E1607B0CC00BB5787 /* main.m */ = {isa = PBXFileReference; lastKnownFileType = sourcecode.c.objc; path = main.m; sourceTree = "<group>"; };
		30B322201607B0CC00BB5787 /* ButtonFun-Prefix.pch */ = {isa = PBXFileReference; lastKnownFileType = sourcecode.c.h; path = "ButtonFun-Prefix.pch"; sourceTree = "<group>"; };
		30B322211607B0CC00BB5787 /* BIDAppDelegate.h */ = {isa = PBXFileReference; lastKnownFileType = sourcecode.c.h; path = BIDAppDelegate.h; sourceTree = "<group>"; };
		30B322221607B0CC00BB5787 /* BIDAppDelegate.m */ = {isa = PBXFileReference; lastKnownFileType = sourcecode.c.objc; path = BIDAppDelegate.m; sourceTree = "<group>"; };
		30B322241607B0CC00BB5787 /* BIDViewController.h */ = {isa = PBXFileReference; lastKnownFileType = sourcecode.c.h; path = BIDViewController.h; sourceTree = "<group>"; };
		30B322251607B0CC00BB5787 /* BIDViewController.m */ = {isa = PBXFileReference; lastKnownFileType = sourcecode.c.objc; path = BIDViewController.m; sourceTree = "<group>"; };
		30B322281607B0CC00BB5787 /* en */ = {isa = PBXFileReference; lastKnownFileType = file.xib; name = en; path = en.lproj/BIDViewController.xib; sourceTree = "<group>"; };
/* End PBXFileReference section */

/* Begin PBXFrameworksBuildPhase section */
		30B3220B1607B0CC00BB5787 /* Frameworks */ = {
			isa = PBXFrameworksBuildPhase;
			buildActionMask = 2147483647;
			files = (
				30B322131607B0CC00BB5787 /* UIKit.framework in Frameworks */,
				30B322151607B0CC00BB5787 /* Foundation.framework in Frameworks */,
				30B322171607B0CC00BB5787 /* CoreGraphics.framework in Frameworks */,
			);
			runOnlyForDeploymentPostprocessing = 0;
		};
/* End PBXFrameworksBuildPhase section */

/* Begin PBXGroup section */
		30B322031607B0CC00BB5787 = {
			isa = PBXGroup;
			children = (
				30B322181607B0CC00BB5787 /* ButtonFun */,
				30B322111607B0CC00BB5787 /* Frameworks */,
				30B3220F1607B0CC00BB5787 /* Products */,
			);
			sourceTree = "<group>";
		};
		30B3220F1607B0CC00BB5787 /* Products */ = {
			isa = PBXGroup;
			children = (
				30B3220E1607B0CC00BB5787 /* ButtonFun.app */,
			);
			name = Products;
			sourceTree = "<group>";
		};
		30B322111607B0CC00BB5787 /* Frameworks */ = {
			isa = PBXGroup;
			children = (
				30B322121607B0CC00BB5787 /* UIKit.framework */,
				30B322141607B0CC00BB5787 /* Foundation.framework */,
				30B322161607B0CC00BB5787 /* CoreGraphics.framework */,
			);
			name = Frameworks;
			sourceTree = "<group>";
		};
		30B322181607B0CC00BB5787 /* ButtonFun */ = {
			isa = PBXGroup;
			children = (
				30B322211607B0CC00BB5787 /* BIDAppDelegate.h */,
				30B322221607B0CC00BB5787 /* BIDAppDelegate.m */,
				30B322241607B0CC00BB5787 /* BIDViewController.h */,
				30B322251607B0CC00BB5787 /* BIDViewController.m */,
				30B322271607B0CC00BB5787 /* BIDViewController.xib */,
				30B322191607B0CC00BB5787 /* Supporting Files */,
			);
			path = ButtonFun;
			sourceTree = "<group>";
		};
		30B322191607B0CC00BB5787 /* Supporting Files */ = {
			isa = PBXGroup;
			children = (
				30B3221A1607B0CC00BB5787 /* ButtonFun-Info.plist */,
				30B3221B1607B0CC00BB5787 /* InfoPlist.strings */,
				30B3221E1607B0CC00BB5787 /* main.m */,
				30B322201607B0CC00BB5787 /* ButtonFun-Prefix.pch */,
			);
			name = "Supporting Files";
			sourceTree = "<group>";
		};
/* End PBXGroup section */

/* Begin PBXNativeTarget section */
		30B3220D1607B0CC00BB5787 /* ButtonFun */ = {
			isa = PBXNativeTarget;
			buildConfigurationList = 30B3222C1607B0CC00BB5787 /* Build configuration list for PBXNativeTarget "ButtonFun" */;
			buildPhases = (
				30B3220A1607B0CC00BB5787 /* Sources */,
				30B3220B1607B0CC00BB5787 /* Frameworks */,
				30B3220C1607B0CC00BB5787 /* Resources */,
			);
			buildRules = (
			);
			dependencies = (
			);
			name = ButtonFun;
			productName = ButtonFun;
			productReference = 30B3220E1607B0CC00BB5787 /* ButtonFun.app */;
			productType = "com.apple.product-type.application";
		};
/* End PBXNativeTarget section */

/* Begin PBXProject section */
		30B322051607B0CC00BB5787 /* Project object */ = {
			isa = PBXProject;
			attributes = {
				CLASSPREFIX = BID;
				LastUpgradeCheck = 0440;
				ORGANIZATIONNAME = URI;
			};
			buildConfigurationList = 30B322081607B0CC00BB5787 /* Build configuration list for PBXProject "ButtonFun" */;
			compatibilityVersion = "Xcode 3.2";
			developmentRegion = English;
			hasScannedForEncodings = 0;
			knownRegions = (
				en,
			);
			mainGroup = 30B322031607B0CC00BB5787;
			productRefGroup = 30B3220F1607B0CC00BB5787 /* Products */;
			projectDirPath = "";
			projectRoot = "";
			targets = (
				30B3220D1607B0CC00BB5787 /* ButtonFun */,
			);
		};
/* End PBXProject section */

/* Begin PBXResourcesBuildPhase section */
		30B3220C1607B0CC00BB5787 /* Resources */ = {
			isa = PBXResourcesBuildPhase;
			buildActionMask = 2147483647;
			files = (
				30B3221D1607B0CC00BB5787 /* InfoPlist.strings in Resources */,
				30B322291607B0CC00BB5787 /* BIDViewController.xib in Resources */,
			);
			runOnlyForDeploymentPostprocessing = 0;
		};
/* End PBXResourcesBuildPhase section */

/* Begin PBXSourcesBuildPhase section */
		30B3220A1607B0CC00BB5787 /* Sources */ = {
			isa = PBXSourcesBuildPhase;
			buildActionMask = 2147483647;
			files = (
				30B3221F1607B0CC00BB5787 /* main.m in Sources */,
				30B322231607B0CC00BB5787 /* BIDAppDelegate.m in Sources */,
				30B322261607B0CC00BB5787 /* BIDViewController.m in Sources */,
			);
			runOnlyForDeploymentPostprocessing = 0;
		};
/* End PBXSourcesBuildPhase section */

/* Begin PBXVariantGroup section */
		30B3221B1607B0CC00BB5787 /* InfoPlist.strings */ = {
			isa = PBXVariantGroup;
			children = (
				30B3221C1607B0CC00BB5787 /* en */,
			);
			name = InfoPlist.strings;
			sourceTree = "<group>";
		};
		30B322271607B0CC00BB5787 /* BIDViewController.xib */ = {
			isa = PBXVariantGroup;
			children = (
				30B322281607B0CC00BB5787 /* en */,
			);
			name = BIDViewController.xib;
			sourceTree = "<group>";
		};
/* End PBXVariantGroup section */

/* Begin XCBuildConfiguration section */
		30B3222A1607B0CC00BB5787 /* Debug */ = {
			isa = XCBuildConfiguration;
			buildSettings = {
				ALWAYS_SEARCH_USER_PATHS = NO;
				ARCHS = "$(ARCHS_STANDARD_32_BIT)";
				CLANG_CXX_LANGUAGE_STANDARD = "gnu++0x";
				CLANG_ENABLE_OBJC_ARC = YES;
				CLANG_WARN__DUPLICATE_METHOD_MATCH = YES;
				"CODE_SIGN_IDENTITY[sdk=iphoneos*]" = "iPhone Developer";
				COPY_PHASE_STRIP = NO;
				GCC_C_LANGUAGE_STANDARD = gnu99;
				GCC_DYNAMIC_NO_PIC = NO;
				GCC_OPTIMIZATION_LEVEL = 0;
				GCC_PREPROCESSOR_DEFINITIONS = (
					"DEBUG=1",
					"$(inherited)",
				);
				GCC_SYMBOLS_PRIVATE_EXTERN = NO;
				GCC_VERSION = com.apple.compilers.llvm.clang.1_0;
				GCC_WARN_ABOUT_RETURN_TYPE = YES;
				GCC_WARN_UNINITIALIZED_AUTOS = YES;
				GCC_WARN_UNUSED_VARIABLE = YES;
				IPHONEOS_DEPLOYMENT_TARGET = 5.1;
				SDKROOT = iphoneos;
			};
			name = Debug;
		};
		30B3222B1607B0CC00BB5787 /* Release */ = {
			isa = XCBuildConfiguration;
			buildSettings = {
				ALWAYS_SEARCH_USER_PATHS = NO;
				ARCHS = "$(ARCHS_STANDARD_32_BIT)";
				CLANG_CXX_LANGUAGE_STANDARD = "gnu++0x";
				CLANG_ENABLE_OBJC_ARC = YES;
				CLANG_WARN__DUPLICATE_METHOD_MATCH = YES;
				"CODE_SIGN_IDENTITY[sdk=iphoneos*]" = "iPhone Developer";
				COPY_PHASE_STRIP = YES;
				GCC_C_LANGUAGE_STANDARD = gnu99;
				GCC_VERSION = com.apple.compilers.llvm.clang.1_0;
				GCC_WARN_ABOUT_RETURN_TYPE = YES;
				GCC_WARN_UNINITIALIZED_AUTOS = YES;
				GCC_WARN_UNUSED_VARIABLE = YES;
				IPHONEOS_DEPLOYMENT_TARGET = 5.1;
				OTHER_CFLAGS = "-DNS_BLOCK_ASSERTIONS=1";
				SDKROOT = iphoneos;
				VALIDATE_PRODUCT = YES;
			};
			name = Release;
		};
		30B3222D1607B0CC00BB5787 /* Debug */ = {
			isa = XCBuildConfiguration;
			buildSettings = {
				GCC_PRECOMPILE_PREFIX_HEADER = YES;
				GCC_PREFIX_HEADER = "ButtonFun/ButtonFun-Prefix.pch";
				INFOPLIST_FILE = "ButtonFun/ButtonFun-Info.plist";
				PRODUCT_NAME = "$(TARGET_NAME)";
				WRAPPER_EXTENSION = app;
			};
			name = Debug;
		};
		30B3222E1607B0CC00BB5787 /* Release */ = {
			isa = XCBuildConfiguration;
			buildSettings = {
				GCC_PRECOMPILE_PREFIX_HEADER = YES;
				GCC_PREFIX_HEADER = "ButtonFun/ButtonFun-Prefix.pch";
				INFOPLIST_FILE = "ButtonFun/ButtonFun-Info.plist";
				PRODUCT_NAME = "$(TARGET_NAME)";
				WRAPPER_EXTENSION = app;
			};
			name = Release;
		};
/* End XCBuildConfiguration section */

/* Begin XCConfigurationList section */
		30B322081607B0CC00BB5787 /* Build configuration list for PBXProject "ButtonFun" */ = {
			isa = XCConfigurationList;
			buildConfigurations = (
				30B3222A1607B0CC00BB5787 /* Debug */,
				30B3222B1607B0CC00BB5787 /* Release */,
			);
			defaultConfigurationIsVisible = 0;
			defaultConfigurationName = Release;
		};
		30B3222C1607B0CC00BB5787 /* Build configuration list for PBXNativeTarget "ButtonFun" */ = {
			isa = XCConfigurationList;
			buildConfigurations = (
				30B3222D1607B0CC00BB5787 /* Debug */,
				30B3222E1607B0CC00BB5787 /* Release */,
			);
			defaultConfigurationIsVisible = 0;
		};
/* End XCConfigurationList section */
	};
	rootObject = 30B322051607B0CC00BB5787 /* Project object */;
}
